// !$*UTF8*$!
{
	archiveVersion = 1;
	classes = {
	};
	objectVersion = 50;
	objects = {

/* Begin PBXBuildFile section */
		4444528522CE5960002D6A83 /* AppDelegate.swift in Sources */ = {isa = PBXBuildFile; fileRef = 4444528422CE5960002D6A83 /* AppDelegate.swift */; };
		4444528722CE5960002D6A83 /* ViewController.swift in Sources */ = {isa = PBXBuildFile; fileRef = 4444528622CE5960002D6A83 /* ViewController.swift */; };
		4444528A22CE5960002D6A83 /* Main.storyboard in Resources */ = {isa = PBXBuildFile; fileRef = 4444528822CE5960002D6A83 /* Main.storyboard */; };
		4444528C22CE5961002D6A83 /* Assets.xcassets in Resources */ = {isa = PBXBuildFile; fileRef = 4444528B22CE5961002D6A83 /* Assets.xcassets */; };
		4444528F22CE5961002D6A83 /* LaunchScreen.storyboard in Resources */ = {isa = PBXBuildFile; fileRef = 4444528D22CE5961002D6A83 /* LaunchScreen.storyboard */; };
		4444529822CE598C002D6A83 /* CREDENTIALS.swift in Sources */ = {isa = PBXBuildFile; fileRef = 4444529622CE598C002D6A83 /* CREDENTIALS.swift */; };
		4444529922CE598C002D6A83 /* GoogleService-Info.plist in Resources */ = {isa = PBXBuildFile; fileRef = 4444529722CE598C002D6A83 /* GoogleService-Info.plist */; };
		6E3BB8219F5F3F2CC90D0912 /* Pods_FirebaseFetchProvidersForEmail.framework in Frameworks */ = {isa = PBXBuildFile; fileRef = 73AF0BF732BCCE75973676C5 /* Pods_FirebaseFetchProvidersForEmail.framework */; };
/* End PBXBuildFile section */

/* Begin PBXFileReference section */
		4307E6E9536834800AA49648 /* Pods-FirebaseFetchProvidersForEmail.release.xcconfig */ = {isa = PBXFileReference; includeInIndex = 1; lastKnownFileType = text.xcconfig; name = "Pods-FirebaseFetchProvidersForEmail.release.xcconfig"; path = "Target Support Files/Pods-FirebaseFetchProvidersForEmail/Pods-FirebaseFetchProvidersForEmail.release.xcconfig"; sourceTree = "<group>"; };
		4444528122CE5960002D6A83 /* FirebaseFetchProvidersForEmail.app */ = {isa = PBXFileReference; explicitFileType = wrapper.application; includeInIndex = 0; path = FirebaseFetchProvidersForEmail.app; sourceTree = BUILT_PRODUCTS_DIR; };
		4444528422CE5960002D6A83 /* AppDelegate.swift */ = {isa = PBXFileReference; lastKnownFileType = sourcecode.swift; path = AppDelegate.swift; sourceTree = "<group>"; };
		4444528622CE5960002D6A83 /* ViewController.swift */ = {isa = PBXFileReference; lastKnownFileType = sourcecode.swift; path = ViewController.swift; sourceTree = "<group>"; };
		4444528922CE5960002D6A83 /* Base */ = {isa = PBXFileReference; lastKnownFileType = file.storyboard; name = Base; path = Base.lproj/Main.storyboard; sourceTree = "<group>"; };
		4444528B22CE5961002D6A83 /* Assets.xcassets */ = {isa = PBXFileReference; lastKnownFileType = folder.assetcatalog; path = Assets.xcassets; sourceTree = "<group>"; };
		4444528E22CE5961002D6A83 /* Base */ = {isa = PBXFileReference; lastKnownFileType = file.storyboard; name = Base; path = Base.lproj/LaunchScreen.storyboard; sourceTree = "<group>"; };
		4444529022CE5961002D6A83 /* Info.plist */ = {isa = PBXFileReference; lastKnownFileType = text.plist.xml; path = Info.plist; sourceTree = "<group>"; };
		4444529622CE598C002D6A83 /* CREDENTIALS.swift */ = {isa = PBXFileReference; fileEncoding = 4; lastKnownFileType = sourcecode.swift; name = CREDENTIALS.swift; path = ../../../../CREDENTIALS.swift; sourceTree = "<group>"; };
		4444529722CE598C002D6A83 /* GoogleService-Info.plist */ = {isa = PBXFileReference; fileEncoding = 4; lastKnownFileType = text.plist.xml; name = "GoogleService-Info.plist"; path = "../../../../GoogleService-Info.plist"; sourceTree = "<group>"; };
		73AF0BF732BCCE75973676C5 /* Pods_FirebaseFetchProvidersForEmail.framework */ = {isa = PBXFileReference; explicitFileType = wrapper.framework; includeInIndex = 0; path = Pods_FirebaseFetchProvidersForEmail.framework; sourceTree = BUILT_PRODUCTS_DIR; };
		C19083A454A60E9AB21B0E9F /* Pods-FirebaseFetchProvidersForEmail.debug.xcconfig */ = {isa = PBXFileReference; includeInIndex = 1; lastKnownFileType = text.xcconfig; name = "Pods-FirebaseFetchProvidersForEmail.debug.xcconfig"; path = "Target Support Files/Pods-FirebaseFetchProvidersForEmail/Pods-FirebaseFetchProvidersForEmail.debug.xcconfig"; sourceTree = "<group>"; };
/* End PBXFileReference section */

/* Begin PBXFrameworksBuildPhase section */
		4444527E22CE5960002D6A83 /* Frameworks */ = {
			isa = PBXFrameworksBuildPhase;
			buildActionMask = 2147483647;
			files = (
				6E3BB8219F5F3F2CC90D0912 /* Pods_FirebaseFetchProvidersForEmail.framework in Frameworks */,
			);
			runOnlyForDeploymentPostprocessing = 0;
		};
/* End PBXFrameworksBuildPhase section */

/* Begin PBXGroup section */
		4444527822CE5960002D6A83 = {
			isa = PBXGroup;
			children = (
				4444528322CE5960002D6A83 /* FirebaseFetchProvidersForEmail */,
				4444528222CE5960002D6A83 /* Products */,
				44940CCA5ADF633DE2803445 /* Pods */,
				68C36A301B2CD294790E274D /* Frameworks */,
			);
			sourceTree = "<group>";
		};
		4444528222CE5960002D6A83 /* Products */ = {
			isa = PBXGroup;
			children = (
				4444528122CE5960002D6A83 /* FirebaseFetchProvidersForEmail.app */,
			);
			name = Products;
			sourceTree = "<group>";
		};
		4444528322CE5960002D6A83 /* FirebaseFetchProvidersForEmail */ = {
			isa = PBXGroup;
			children = (
				4444529622CE598C002D6A83 /* CREDENTIALS.swift */,
				4444529722CE598C002D6A83 /* GoogleService-Info.plist */,
				4444528422CE5960002D6A83 /* AppDelegate.swift */,
				4444528622CE5960002D6A83 /* ViewController.swift */,
				4444528822CE5960002D6A83 /* Main.storyboard */,
				4444528B22CE5961002D6A83 /* Assets.xcassets */,
				4444528D22CE5961002D6A83 /* LaunchScreen.storyboard */,
				4444529022CE5961002D6A83 /* Info.plist */,
			);
			path = FirebaseFetchProvidersForEmail;
			sourceTree = "<group>";
		};
		44940CCA5ADF633DE2803445 /* Pods */ = {
			isa = PBXGroup;
			children = (
				C19083A454A60E9AB21B0E9F /* Pods-FirebaseFetchProvidersForEmail.debug.xcconfig */,
				4307E6E9536834800AA49648 /* Pods-FirebaseFetchProvidersForEmail.release.xcconfig */,
			);
			path = Pods;
			sourceTree = "<group>";
		};
		68C36A301B2CD294790E274D /* Frameworks */ = {
			isa = PBXGroup;
			children = (
				73AF0BF732BCCE75973676C5 /* Pods_FirebaseFetchProvidersForEmail.framework */,
			);
			name = Frameworks;
			sourceTree = "<group>";
		};
/* End PBXGroup section */

/* Begin PBXNativeTarget section */
		4444528022CE5960002D6A83 /* FirebaseFetchProvidersForEmail */ = {
			isa = PBXNativeTarget;
			buildConfigurationList = 4444529322CE5961002D6A83 /* Build configuration list for PBXNativeTarget "FirebaseFetchProvidersForEmail" */;
			buildPhases = (
				43E2D8C3EF45C3C8403941DC /* [CP] Check Pods Manifest.lock */,
				4444527D22CE5960002D6A83 /* Sources */,
				4444527E22CE5960002D6A83 /* Frameworks */,
				4444527F22CE5960002D6A83 /* Resources */,
				4796308A736E977D00AD5AAF /* [CP] Embed Pods Frameworks */,
			);
			buildRules = (
			);
			dependencies = (
			);
			name = FirebaseFetchProvidersForEmail;
			productName = FirebaseFetchProvidersForEmail;
			productReference = 4444528122CE5960002D6A83 /* FirebaseFetchProvidersForEmail.app */;
			productType = "com.apple.product-type.application";
		};
/* End PBXNativeTarget section */

/* Begin PBXProject section */
		4444527922CE5960002D6A83 /* Project object */ = {
			isa = PBXProject;
			attributes = {
				LastSwiftUpdateCheck = 1020;
				LastUpgradeCheck = 1020;
				ORGANIZATIONNAME = "David Thorn";
				TargetAttributes = {
					4444528022CE5960002D6A83 = {
						CreatedOnToolsVersion = 10.2.1;
					};
				};
			};
			buildConfigurationList = 4444527C22CE5960002D6A83 /* Build configuration list for PBXProject "FirebaseFetchProvidersForEmail" */;
			compatibilityVersion = "Xcode 9.3";
			developmentRegion = en;
			hasScannedForEncodings = 0;
			knownRegions = (
				en,
				Base,
			);
			mainGroup = 4444527822CE5960002D6A83;
			productRefGroup = 4444528222CE5960002D6A83 /* Products */;
			projectDirPath = "";
			projectRoot = "";
			targets = (
				4444528022CE5960002D6A83 /* FirebaseFetchProvidersForEmail */,
			);
		};
/* End PBXProject section */

/* Begin PBXResourcesBuildPhase section */
		4444527F22CE5960002D6A83 /* Resources */ = {
			isa = PBXResourcesBuildPhase;
			buildActionMask = 2147483647;
			files = (
				4444528F22CE5961002D6A83 /* LaunchScreen.storyboard in Resources */,
				4444529922CE598C002D6A83 /* GoogleService-Info.plist in Resources */,
				4444528C22CE5961002D6A83 /* Assets.xcassets in Resources */,
				4444528A22CE5960002D6A83 /* Main.storyboard in Resources */,
			);
			runOnlyForDeploymentPostprocessing = 0;
		};
/* End PBXResourcesBuildPhase section */

/* Begin PBXShellScriptBuildPhase section */
		43E2D8C3EF45C3C8403941DC /* [CP] Check Pods Manifest.lock */ = {
			isa = PBXShellScriptBuildPhase;
			buildActionMask = 2147483647;
			files = (
			);
			inputFileListPaths = (
			);
			inputPaths = (
				"${PODS_PODFILE_DIR_PATH}/Podfile.lock",
				"${PODS_ROOT}/Manifest.lock",
			);
			name = "[CP] Check Pods Manifest.lock";
			outputFileListPaths = (
			);
			outputPaths = (
				"$(DERIVED_FILE_DIR)/Pods-FirebaseFetchProvidersForEmail-checkManifestLockResult.txt",
			);
			runOnlyForDeploymentPostprocessing = 0;
			shellPath = /bin/sh;
			shellScript = "diff \"${PODS_PODFILE_DIR_PATH}/Podfile.lock\" \"${PODS_ROOT}/Manifest.lock\" > /dev/null\nif [ $? != 0 ] ; then\n    # print error to STDERR\n    echo \"error: The sandbox is not in sync with the Podfile.lock. Run 'pod install' or update your CocoaPods installation.\" >&2\n    exit 1\nfi\n# This output is used by Xcode 'outputs' to avoid re-running this script phase.\necho \"SUCCESS\" > \"${SCRIPT_OUTPUT_FILE_0}\"\n";
			showEnvVarsInLog = 0;
		};
		4796308A736E977D00AD5AAF /* [CP] Embed Pods Frameworks */ = {
			isa = PBXShellScriptBuildPhase;
			buildActionMask = 2147483647;
			files = (
			);
			inputFileListPaths = (
				"${PODS_ROOT}/Target Support Files/Pods-FirebaseFetchProvidersForEmail/Pods-FirebaseFetchProvidersForEmail-frameworks-${CONFIGURATION}-input-files.xcfilelist",
			);
			name = "[CP] Embed Pods Frameworks";
			outputFileListPaths = (
				"${PODS_ROOT}/Target Support Files/Pods-FirebaseFetchProvidersForEmail/Pods-FirebaseFetchProvidersForEmail-frameworks-${CONFIGURATION}-output-files.xcfilelist",
			);
			runOnlyForDeploymentPostprocessing = 0;
			shellPath = /bin/sh;
			shellScript = "\"${PODS_ROOT}/Target Support Files/Pods-FirebaseFetchProvidersForEmail/Pods-FirebaseFetchProvidersForEmail-frameworks.sh\"\n";
			showEnvVarsInLog = 0;
		};
/* End PBXShellScriptBuildPhase section */

/* Begin PBXSourcesBuildPhase section */
		4444527D22CE5960002D6A83 /* Sources */ = {
			isa = PBXSourcesBuildPhase;
			buildActionMask = 2147483647;
			files = (
				4444529822CE598C002D6A83 /* CREDENTIALS.swift in Sources */,
				4444528722CE5960002D6A83 /* ViewController.swift in Sources */,
				4444528522CE5960002D6A83 /* AppDelegate.swift in Sources */,
			);
			runOnlyForDeploymentPostprocessing = 0;
		};
/* End PBXSourcesBuildPhase section */

/* Begin PBXVariantGroup section */
		4444528822CE5960002D6A83 /* Main.storyboard */ = {
			isa = PBXVariantGroup;
			children = (
				4444528922CE5960002D6A83 /* Base */,
			);
			name = Main.storyboard;
			sourceTree = "<group>";
		};
		4444528D22CE5961002D6A83 /* LaunchScreen.storyboard */ = {
			isa = PBXVariantGroup;
			children = (
				4444528E22CE5961002D6A83 /* Base */,
			);
			name = LaunchScreen.storyboard;
			sourceTree = "<group>";
		};
/* End PBXVariantGroup section */

/* Begin XCBuildConfiguration section */
		4444529122CE5961002D6A83 /* Debug */ = {
			isa = XCBuildConfiguration;
			buildSettings = {
				ALWAYS_SEARCH_USER_PATHS = NO;
				CLANG_ANALYZER_NONNULL = YES;
				CLANG_ANALYZER_NUMBER_OBJECT_CONVERSION = YES_AGGRESSIVE;
				CLANG_CXX_LANGUAGE_STANDARD = "gnu++14";
				CLANG_CXX_LIBRARY = "libc++";
				CLANG_ENABLE_MODULES = YES;
				CLANG_ENABLE_OBJC_ARC = YES;
				CLANG_ENABLE_OBJC_WEAK = YES;
				CLANG_WARN_BLOCK_CAPTURE_AUTORELEASING = YES;
				CLANG_WARN_BOOL_CONVERSION = YES;
				CLANG_WARN_COMMA = YES;
				CLANG_WARN_CONSTANT_CONVERSION = YES;
				CLANG_WARN_DEPRECATED_OBJC_IMPLEMENTATIONS = YES;
				CLANG_WARN_DIRECT_OBJC_ISA_USAGE = YES_ERROR;
				CLANG_WARN_DOCUMENTATION_COMMENTS = YES;
				CLANG_WARN_EMPTY_BODY = YES;
				CLANG_WARN_ENUM_CONVERSION = YES;
				CLANG_WARN_INFINITE_RECURSION = YES;
				CLANG_WARN_INT_CONVERSION = YES;
				CLANG_WARN_NON_LITERAL_NULL_CONVERSION = YES;
				CLANG_WARN_OBJC_IMPLICIT_RETAIN_SELF = YES;
				CLANG_WARN_OBJC_LITERAL_CONVERSION = YES;
				CLANG_WARN_OBJC_ROOT_CLASS = YES_ERROR;
				CLANG_WARN_RANGE_LOOP_ANALYSIS = YES;
				CLANG_WARN_STRICT_PROTOTYPES = YES;
				CLANG_WARN_SUSPICIOUS_MOVE = YES;
				CLANG_WARN_UNGUARDED_AVAILABILITY = YES_AGGRESSIVE;
				CLANG_WARN_UNREACHABLE_CODE = YES;
				CLANG_WARN__DUPLICATE_METHOD_MATCH = YES;
				CODE_SIGN_IDENTITY = "iPhone Developer";
				COPY_PHASE_STRIP = NO;
				DEBUG_INFORMATION_FORMAT = dwarf;
				ENABLE_STRICT_OBJC_MSGSEND = YES;
				ENABLE_TESTABILITY = YES;
				GCC_C_LANGUAGE_STANDARD = gnu11;
				GCC_DYNAMIC_NO_PIC = NO;
				GCC_NO_COMMON_BLOCKS = YES;
				GCC_OPTIMIZATION_LEVEL = 0;
				GCC_PREPROCESSOR_DEFINITIONS = (
					"DEBUG=1",
					"$(inherited)",
				);
				GCC_WARN_64_TO_32_BIT_CONVERSION = YES;
				GCC_WARN_ABOUT_RETURN_TYPE = YES_ERROR;
				GCC_WARN_UNDECLARED_SELECTOR = YES;
				GCC_WARN_UNINITIALIZED_AUTOS = YES_AGGRESSIVE;
				GCC_WARN_UNUSED_FUNCTION = YES;
				GCC_WARN_UNUSED_VARIABLE = YES;
				IPHONEOS_DEPLOYMENT_TARGET = 12.2;
				MTL_ENABLE_DEBUG_INFO = INCLUDE_SOURCE;
				MTL_FAST_MATH = YES;
				ONLY_ACTIVE_ARCH = YES;
				SDKROOT = iphoneos;
				SWIFT_ACTIVE_COMPILATION_CONDITIONS = DEBUG;
				SWIFT_OPTIMIZATION_LEVEL = "-Onone";
			};
			name = Debug;
		};
		4444529222CE5961002D6A83 /* Release */ = {
			isa = XCBuildConfiguration;
			buildSettings = {
				ALWAYS_SEARCH_USER_PATHS = NO;
				CLANG_ANALYZER_NONNULL = YES;
				CLANG_ANALYZER_NUMBER_OBJECT_CONVERSION = YES_AGGRESSIVE;
				CLANG_CXX_LANGUAGE_STANDARD = "gnu++14";
				CLANG_CXX_LIBRARY = "libc++";
				CLANG_ENABLE_MODULES = YES;
				CLANG_ENABLE_OBJC_ARC = YES;
				CLANG_ENABLE_OBJC_WEAK = YES;
				CLANG_WARN_BLOCK_CAPTURE_AUTORELEASING = YES;
				CLANG_WARN_BOOL_CONVERSION = YES;
				CLANG_WARN_COMMA = YES;
				CLANG_WARN_CONSTANT_CONVERSION = YES;
				CLANG_WARN_DEPRECATED_OBJC_IMPLEMENTATIONS = YES;
				CLANG_WARN_DIRECT_OBJC_ISA_USAGE = YES_ERROR;
				CLANG_WARN_DOCUMENTATION_COMMENTS = YES;
				CLANG_WARN_EMPTY_BODY = YES;
				CLANG_WARN_ENUM_CONVERSION = YES;
				CLANG_WARN_INFINITE_RECURSION = YES;
				CLANG_WARN_INT_CONVERSION = YES;
				CLANG_WARN_NON_LITERAL_NULL_CONVERSION = YES;
				CLANG_WARN_OBJC_IMPLICIT_RETAIN_SELF = YES;
				CLANG_WARN_OBJC_LITERAL_CONVERSION = YES;
				CLANG_WARN_OBJC_ROOT_CLASS = YES_ERROR;
				CLANG_WARN_RANGE_LOOP_ANALYSIS = YES;
				CLANG_WARN_STRICT_PROTOTYPES = YES;
				CLANG_WARN_SUSPICIOUS_MOVE = YES;
				CLANG_WARN_UNGUARDED_AVAILABILITY = YES_AGGRESSIVE;
				CLANG_WARN_UNREACHABLE_CODE = YES;
				CLANG_WARN__DUPLICATE_METHOD_MATCH = YES;
				CODE_SIGN_IDENTITY = "iPhone Developer";
				COPY_PHASE_STRIP = NO;
				DEBUG_INFORMATION_FORMAT = "dwarf-with-dsym";
				ENABLE_NS_ASSERTIONS = NO;
				ENABLE_STRICT_OBJC_MSGSEND = YES;
				GCC_C_LANGUAGE_STANDARD = gnu11;
				GCC_NO_COMMON_BLOCKS = YES;
				GCC_WARN_64_TO_32_BIT_CONVERSION = YES;
				GCC_WARN_ABOUT_RETURN_TYPE = YES_ERROR;
				GCC_WARN_UNDECLARED_SELECTOR = YES;
				GCC_WARN_UNINITIALIZED_AUTOS = YES_AGGRESSIVE;
				GCC_WARN_UNUSED_FUNCTION = YES;
				GCC_WARN_UNUSED_VARIABLE = YES;
				IPHONEOS_DEPLOYMENT_TARGET = 12.2;
				MTL_ENABLE_DEBUG_INFO = NO;
				MTL_FAST_MATH = YES;
				SDKROOT = iphoneos;
				SWIFT_COMPILATION_MODE = wholemodule;
				SWIFT_OPTIMIZATION_LEVEL = "-O";
				VALIDATE_PRODUCT = YES;
			};
			name = Release;
		};
		4444529422CE5961002D6A83 /* Debug */ = {
			isa = XCBuildConfiguration;
			baseConfigurationReference = C19083A454A60E9AB21B0E9F /* Pods-FirebaseFetchProvidersForEmail.debug.xcconfig */;
			buildSettings = {
				ASSETCATALOG_COMPILER_APPICON_NAME = AppIcon;
				CODE_SIGN_STYLE = Automatic;
				INFOPLIST_FILE = FirebaseFetchProvidersForEmail/Info.plist;
				LD_RUNPATH_SEARCH_PATHS = (
					"$(inherited)",
					"@executable_path/Frameworks",
				);
				PRODUCT_BUNDLE_IDENTIFIER = thorn.james.david.FirebaseFetchProvidersForEmail;
				PRODUCT_NAME = "$(TARGET_NAME)";
				SWIFT_VERSION = 5.0;
				TARGETED_DEVICE_FAMILY = "1,2";
			};
			name = Debug;
		};
		4444529522CE5961002D6A83 /* Release */ = {
			isa = XCBuildConfiguration;
			baseConfigurationReference = 4307E6E9536834800AA49648 /* Pods-FirebaseFetchProvidersForEmail.release.xcconfig */;
			buildSettings = {
				ASSETCATALOG_COMPILER_APPICON_NAME = AppIcon;
				CODE_SIGN_STYLE = Automatic;
				INFOPLIST_FILE = FirebaseFetchProvidersForEmail/Info.plist;
				LD_RUNPATH_SEARCH_PATHS = (
					"$(inherited)",
					"@executable_path/Frameworks",
				);
				PRODUCT_BUNDLE_IDENTIFIER = thorn.james.david.FirebaseFetchProvidersForEmail;
				PRODUCT_NAME = "$(TARGET_NAME)";
				SWIFT_VERSION = 5.0;
				TARGETED_DEVICE_FAMILY = "1,2";
			};
			name = Release;
		};
/* End XCBuildConfiguration section */

/* Begin XCConfigurationList section */
		4444527C22CE5960002D6A83 /* Build configuration list for PBXProject "FirebaseFetchProvidersForEmail" */ = {
			isa = XCConfigurationList;
			buildConfigurations = (
				4444529122CE5961002D6A83 /* Debug */,
				4444529222CE5961002D6A83 /* Release */,
			);
			defaultConfigurationIsVisible = 0;
			defaultConfigurationName = Release;
		};
		4444529322CE5961002D6A83 /* Build configuration list for PBXNativeTarget "FirebaseFetchProvidersForEmail" */ = {
			isa = XCConfigurationList;
			buildConfigurations = (
				4444529422CE5961002D6A83 /* Debug */,
				4444529522CE5961002D6A83 /* Release */,
			);
			defaultConfigurationIsVisible = 0;
			defaultConfigurationName = Release;
		};
/* End XCConfigurationList section */
	};
	rootObject = 4444527922CE5960002D6A83 /* Project object */;
}
